// !$*UTF8*$!
{
	archiveVersion = 1;
	classes = {
	};
	objectVersion = 50;
	objects = {

/* Begin PBXBuildFile section */
		5F8A52C1261DF5C9009DFD02 /* Model.swift in Sources */ = {isa = PBXBuildFile; fileRef = 5F8A52C0261DF5C9009DFD02 /* Model.swift */; };
		5F8A52C6261DFD04009DFD02 /* main.swift in Sources */ = {isa = PBXBuildFile; fileRef = 5F8A52C5261DFD04009DFD02 /* main.swift */; };
		BD9C9FD3260102DD005A049B /* AppDelegate.swift in Sources */ = {isa = PBXBuildFile; fileRef = BD9C9FD2260102DD005A049B /* AppDelegate.swift */; };
		BD9C9FD5260102DD005A049B /* SceneDelegate.swift in Sources */ = {isa = PBXBuildFile; fileRef = BD9C9FD4260102DD005A049B /* SceneDelegate.swift */; };
		BD9C9FD7260102DD005A049B /* ViewController.swift in Sources */ = {isa = PBXBuildFile; fileRef = BD9C9FD6260102DD005A049B /* ViewController.swift */; };
		BD9C9FDA260102DD005A049B /* Main.storyboard in Resources */ = {isa = PBXBuildFile; fileRef = BD9C9FD8260102DD005A049B /* Main.storyboard */; };
		BD9C9FDC260102DE005A049B /* Assets.xcassets in Resources */ = {isa = PBXBuildFile; fileRef = BD9C9FDB260102DE005A049B /* Assets.xcassets */; };
		BD9C9FDF260102DE005A049B /* LaunchScreen.storyboard in Resources */ = {isa = PBXBuildFile; fileRef = BD9C9FDD260102DE005A049B /* LaunchScreen.storyboard */; };
		BD9C9FEA260102DE005A049B /* TestTests.swift in Sources */ = {isa = PBXBuildFile; fileRef = BD9C9FE9260102DE005A049B /* TestTests.swift */; };
		BD9C9FF5260102DE005A049B /* TestUITests.swift in Sources */ = {isa = PBXBuildFile; fileRef = BD9C9FF4260102DE005A049B /* TestUITests.swift */; };
		BDB8DE042614A2B700D168DC /* network.swift in Sources */ = {isa = PBXBuildFile; fileRef = BDB8DE032614A2B700D168DC /* network.swift */; };
/* End PBXBuildFile section */

/* Begin PBXContainerItemProxy section */
		BD9C9FE6260102DE005A049B /* PBXContainerItemProxy */ = {
			isa = PBXContainerItemProxy;
			containerPortal = BD9C9FC7260102DD005A049B /* Project object */;
			proxyType = 1;
			remoteGlobalIDString = BD9C9FCE260102DD005A049B;
			remoteInfo = Test;
		};
		BD9C9FF1260102DE005A049B /* PBXContainerItemProxy */ = {
			isa = PBXContainerItemProxy;
			containerPortal = BD9C9FC7260102DD005A049B /* Project object */;
			proxyType = 1;
			remoteGlobalIDString = BD9C9FCE260102DD005A049B;
			remoteInfo = Test;
		};
/* End PBXContainerItemProxy section */

/* Begin PBXFileReference section */
		5F8A52C0261DF5C9009DFD02 /* Model.swift */ = {isa = PBXFileReference; lastKnownFileType = sourcecode.swift; path = Model.swift; sourceTree = "<group>"; };
		5F8A52C5261DFD04009DFD02 /* main.swift */ = {isa = PBXFileReference; lastKnownFileType = sourcecode.swift; path = main.swift; sourceTree = "<group>"; };
		BD9C9FCF260102DD005A049B /* Test.app */ = {isa = PBXFileReference; explicitFileType = wrapper.application; includeInIndex = 0; path = Test.app; sourceTree = BUILT_PRODUCTS_DIR; };
		BD9C9FD2260102DD005A049B /* AppDelegate.swift */ = {isa = PBXFileReference; lastKnownFileType = sourcecode.swift; path = AppDelegate.swift; sourceTree = "<group>"; };
		BD9C9FD4260102DD005A049B /* SceneDelegate.swift */ = {isa = PBXFileReference; lastKnownFileType = sourcecode.swift; path = SceneDelegate.swift; sourceTree = "<group>"; };
		BD9C9FD6260102DD005A049B /* ViewController.swift */ = {isa = PBXFileReference; lastKnownFileType = sourcecode.swift; path = ViewController.swift; sourceTree = "<group>"; };
		BD9C9FD9260102DD005A049B /* Base */ = {isa = PBXFileReference; lastKnownFileType = file.storyboard; name = Base; path = Base.lproj/Main.storyboard; sourceTree = "<group>"; };
		BD9C9FDB260102DE005A049B /* Assets.xcassets */ = {isa = PBXFileReference; lastKnownFileType = folder.assetcatalog; path = Assets.xcassets; sourceTree = "<group>"; };
		BD9C9FDE260102DE005A049B /* Base */ = {isa = PBXFileReference; lastKnownFileType = file.storyboard; name = Base; path = Base.lproj/LaunchScreen.storyboard; sourceTree = "<group>"; };
		BD9C9FE0260102DE005A049B /* Info.plist */ = {isa = PBXFileReference; lastKnownFileType = text.plist.xml; path = Info.plist; sourceTree = "<group>"; };
		BD9C9FE5260102DE005A049B /* TestTests.xctest */ = {isa = PBXFileReference; explicitFileType = wrapper.cfbundle; includeInIndex = 0; path = TestTests.xctest; sourceTree = BUILT_PRODUCTS_DIR; };
		BD9C9FE9260102DE005A049B /* TestTests.swift */ = {isa = PBXFileReference; lastKnownFileType = sourcecode.swift; path = TestTests.swift; sourceTree = "<group>"; };
		BD9C9FEB260102DE005A049B /* Info.plist */ = {isa = PBXFileReference; lastKnownFileType = text.plist.xml; path = Info.plist; sourceTree = "<group>"; };
		BD9C9FF0260102DE005A049B /* TestUITests.xctest */ = {isa = PBXFileReference; explicitFileType = wrapper.cfbundle; includeInIndex = 0; path = TestUITests.xctest; sourceTree = BUILT_PRODUCTS_DIR; };
		BD9C9FF4260102DE005A049B /* TestUITests.swift */ = {isa = PBXFileReference; lastKnownFileType = sourcecode.swift; path = TestUITests.swift; sourceTree = "<group>"; };
		BD9C9FF6260102DE005A049B /* Info.plist */ = {isa = PBXFileReference; lastKnownFileType = text.plist.xml; path = Info.plist; sourceTree = "<group>"; };
		BDB8DE032614A2B700D168DC /* network.swift */ = {isa = PBXFileReference; lastKnownFileType = sourcecode.swift; path = network.swift; sourceTree = "<group>"; };
/* End PBXFileReference section */

/* Begin PBXFrameworksBuildPhase section */
		BD9C9FCC260102DD005A049B /* Frameworks */ = {
			isa = PBXFrameworksBuildPhase;
			buildActionMask = 2147483647;
			files = (
			);
			runOnlyForDeploymentPostprocessing = 0;
		};
		BD9C9FE2260102DE005A049B /* Frameworks */ = {
			isa = PBXFrameworksBuildPhase;
			buildActionMask = 2147483647;
			files = (
			);
			runOnlyForDeploymentPostprocessing = 0;
		};
		BD9C9FED260102DE005A049B /* Frameworks */ = {
			isa = PBXFrameworksBuildPhase;
			buildActionMask = 2147483647;
			files = (
			);
			runOnlyForDeploymentPostprocessing = 0;
		};
/* End PBXFrameworksBuildPhase section */

/* Begin PBXGroup section */
		BD9C9FC6260102DD005A049B = {
			isa = PBXGroup;
			children = (
				BD9C9FD1260102DD005A049B /* Test */,
				BD9C9FE8260102DE005A049B /* TestTests */,
				BD9C9FF3260102DE005A049B /* TestUITests */,
				BD9C9FD0260102DD005A049B /* Products */,
			);
			sourceTree = "<group>";
		};
		BD9C9FD0260102DD005A049B /* Products */ = {
			isa = PBXGroup;
			children = (
				BD9C9FCF260102DD005A049B /* Test.app */,
				BD9C9FE5260102DE005A049B /* TestTests.xctest */,
				BD9C9FF0260102DE005A049B /* TestUITests.xctest */,
			);
			name = Products;
			sourceTree = "<group>";
		};
		BD9C9FD1260102DD005A049B /* Test */ = {
			isa = PBXGroup;
			children = (
				BD9C9FD2260102DD005A049B /* AppDelegate.swift */,
				BD9C9FD4260102DD005A049B /* SceneDelegate.swift */,
				BD9C9FD6260102DD005A049B /* ViewController.swift */,
				BD9C9FD8260102DD005A049B /* Main.storyboard */,
				BD9C9FDB260102DE005A049B /* Assets.xcassets */,
				BD9C9FDD260102DE005A049B /* LaunchScreen.storyboard */,
				BD9C9FE0260102DE005A049B /* Info.plist */,
				BDB8DE032614A2B700D168DC /* network.swift */,
				5F8A52C0261DF5C9009DFD02 /* Model.swift */,
				5F8A52C5261DFD04009DFD02 /* main.swift */,
			);
			path = Test;
			sourceTree = "<group>";
		};
		BD9C9FE8260102DE005A049B /* TestTests */ = {
			isa = PBXGroup;
			children = (
				BD9C9FE9260102DE005A049B /* TestTests.swift */,
				BD9C9FEB260102DE005A049B /* Info.plist */,
			);
			path = TestTests;
			sourceTree = "<group>";
		};
		BD9C9FF3260102DE005A049B /* TestUITests */ = {
			isa = PBXGroup;
			children = (
				BD9C9FF4260102DE005A049B /* TestUITests.swift */,
				BD9C9FF6260102DE005A049B /* Info.plist */,
			);
			path = TestUITests;
			sourceTree = "<group>";
		};
/* End PBXGroup section */

/* Begin PBXNativeTarget section */
		BD9C9FCE260102DD005A049B /* Test */ = {
			isa = PBXNativeTarget;
			buildConfigurationList = BD9C9FF9260102DE005A049B /* Build configuration list for PBXNativeTarget "Test" */;
			buildPhases = (
				BD9C9FCB260102DD005A049B /* Sources */,
				BD9C9FCC260102DD005A049B /* Frameworks */,
				BD9C9FCD260102DD005A049B /* Resources */,
			);
			buildRules = (
			);
			dependencies = (
			);
			name = Test;
			productName = Test;
			productReference = BD9C9FCF260102DD005A049B /* Test.app */;
			productType = "com.apple.product-type.application";
		};
		BD9C9FE4260102DE005A049B /* TestTests */ = {
			isa = PBXNativeTarget;
			buildConfigurationList = BD9C9FFC260102DE005A049B /* Build configuration list for PBXNativeTarget "TestTests" */;
			buildPhases = (
				BD9C9FE1260102DE005A049B /* Sources */,
				BD9C9FE2260102DE005A049B /* Frameworks */,
				BD9C9FE3260102DE005A049B /* Resources */,
			);
			buildRules = (
			);
			dependencies = (
				BD9C9FE7260102DE005A049B /* PBXTargetDependency */,
			);
			name = TestTests;
			productName = TestTests;
			productReference = BD9C9FE5260102DE005A049B /* TestTests.xctest */;
			productType = "com.apple.product-type.bundle.unit-test";
		};
		BD9C9FEF260102DE005A049B /* TestUITests */ = {
			isa = PBXNativeTarget;
			buildConfigurationList = BD9C9FFF260102DE005A049B /* Build configuration list for PBXNativeTarget "TestUITests" */;
			buildPhases = (
				BD9C9FEC260102DE005A049B /* Sources */,
				BD9C9FED260102DE005A049B /* Frameworks */,
				BD9C9FEE260102DE005A049B /* Resources */,
			);
			buildRules = (
			);
			dependencies = (
				BD9C9FF2260102DE005A049B /* PBXTargetDependency */,
			);
			name = TestUITests;
			productName = TestUITests;
			productReference = BD9C9FF0260102DE005A049B /* TestUITests.xctest */;
			productType = "com.apple.product-type.bundle.ui-testing";
		};
/* End PBXNativeTarget section */

/* Begin PBXProject section */
		BD9C9FC7260102DD005A049B /* Project object */ = {
			isa = PBXProject;
			attributes = {
				LastSwiftUpdateCheck = 1240;
				LastUpgradeCheck = 1240;
				TargetAttributes = {
					BD9C9FCE260102DD005A049B = {
						CreatedOnToolsVersion = 12.4;
					};
					BD9C9FE4260102DE005A049B = {
						CreatedOnToolsVersion = 12.4;
						TestTargetID = BD9C9FCE260102DD005A049B;
					};
					BD9C9FEF260102DE005A049B = {
						CreatedOnToolsVersion = 12.4;
						TestTargetID = BD9C9FCE260102DD005A049B;
					};
				};
			};
			buildConfigurationList = BD9C9FCA260102DD005A049B /* Build configuration list for PBXProject "Test" */;
			compatibilityVersion = "Xcode 9.3";
			developmentRegion = en;
			hasScannedForEncodings = 0;
			knownRegions = (
				en,
				Base,
			);
			mainGroup = BD9C9FC6260102DD005A049B;
			productRefGroup = BD9C9FD0260102DD005A049B /* Products */;
			projectDirPath = "";
			projectRoot = "";
			targets = (
				BD9C9FCE260102DD005A049B /* Test */,
				BD9C9FE4260102DE005A049B /* TestTests */,
				BD9C9FEF260102DE005A049B /* TestUITests */,
			);
		};
/* End PBXProject section */

/* Begin PBXResourcesBuildPhase section */
		BD9C9FCD260102DD005A049B /* Resources */ = {
			isa = PBXResourcesBuildPhase;
			buildActionMask = 2147483647;
			files = (
				BD9C9FDF260102DE005A049B /* LaunchScreen.storyboard in Resources */,
				BD9C9FDC260102DE005A049B /* Assets.xcassets in Resources */,
				BD9C9FDA260102DD005A049B /* Main.storyboard in Resources */,
			);
			runOnlyForDeploymentPostprocessing = 0;
		};
		BD9C9FE3260102DE005A049B /* Resources */ = {
			isa = PBXResourcesBuildPhase;
			buildActionMask = 2147483647;
			files = (
			);
			runOnlyForDeploymentPostprocessing = 0;
		};
		BD9C9FEE260102DE005A049B /* Resources */ = {
			isa = PBXResourcesBuildPhase;
			buildActionMask = 2147483647;
			files = (
			);
			runOnlyForDeploymentPostprocessing = 0;
		};
/* End PBXResourcesBuildPhase section */

/* Begin PBXSourcesBuildPhase section */
		BD9C9FCB260102DD005A049B /* Sources */ = {
			isa = PBXSourcesBuildPhase;
			buildActionMask = 2147483647;
			files = (
				5F8A52C1261DF5C9009DFD02 /* Model.swift in Sources */,
				BD9C9FD7260102DD005A049B /* ViewController.swift in Sources */,
				5F8A52C6261DFD04009DFD02 /* main.swift in Sources */,
				BDB8DE042614A2B700D168DC /* network.swift in Sources */,
				BD9C9FD3260102DD005A049B /* AppDelegate.swift in Sources */,
				BD9C9FD5260102DD005A049B /* SceneDelegate.swift in Sources */,
			);
			runOnlyForDeploymentPostprocessing = 0;
		};
		BD9C9FE1260102DE005A049B /* Sources */ = {
			isa = PBXSourcesBuildPhase;
			buildActionMask = 2147483647;
			files = (
				BD9C9FEA260102DE005A049B /* TestTests.swift in Sources */,
			);
			runOnlyForDeploymentPostprocessing = 0;
		};
		BD9C9FEC260102DE005A049B /* Sources */ = {
			isa = PBXSourcesBuildPhase;
			buildActionMask = 2147483647;
			files = (
				BD9C9FF5260102DE005A049B /* TestUITests.swift in Sources */,
			);
			runOnlyForDeploymentPostprocessing = 0;
		};
/* End PBXSourcesBuildPhase section */

/* Begin PBXTargetDependency section */
		BD9C9FE7260102DE005A049B /* PBXTargetDependency */ = {
			isa = PBXTargetDependency;
			target = BD9C9FCE260102DD005A049B /* Test */;
			targetProxy = BD9C9FE6260102DE005A049B /* PBXContainerItemProxy */;
		};
		BD9C9FF2260102DE005A049B /* PBXTargetDependency */ = {
			isa = PBXTargetDependency;
			target = BD9C9FCE260102DD005A049B /* Test */;
			targetProxy = BD9C9FF1260102DE005A049B /* PBXContainerItemProxy */;
		};
/* End PBXTargetDependency section */

/* Begin PBXVariantGroup section */
		BD9C9FD8260102DD005A049B /* Main.storyboard */ = {
			isa = PBXVariantGroup;
			children = (
				BD9C9FD9260102DD005A049B /* Base */,
			);
			name = Main.storyboard;
			sourceTree = "<group>";
		};
		BD9C9FDD260102DE005A049B /* LaunchScreen.storyboard */ = {
			isa = PBXVariantGroup;
			children = (
				BD9C9FDE260102DE005A049B /* Base */,
			);
			name = LaunchScreen.storyboard;
			sourceTree = "<group>";
		};
/* End PBXVariantGroup section */

/* Begin XCBuildConfiguration section */
		BD9C9FF7260102DE005A049B /* Debug */ = {
			isa = XCBuildConfiguration;
			buildSettings = {
				ALWAYS_SEARCH_USER_PATHS = NO;
				CLANG_ANALYZER_NONNULL = YES;
				CLANG_ANALYZER_NUMBER_OBJECT_CONVERSION = YES_AGGRESSIVE;
				CLANG_CXX_LANGUAGE_STANDARD = "gnu++14";
				CLANG_CXX_LIBRARY = "libc++";
				CLANG_ENABLE_MODULES = YES;
				CLANG_ENABLE_OBJC_ARC = YES;
				CLANG_ENABLE_OBJC_WEAK = YES;
				CLANG_WARN_BLOCK_CAPTURE_AUTORELEASING = YES;
				CLANG_WARN_BOOL_CONVERSION = YES;
				CLANG_WARN_COMMA = YES;
				CLANG_WARN_CONSTANT_CONVERSION = YES;
				CLANG_WARN_DEPRECATED_OBJC_IMPLEMENTATIONS = YES;
				CLANG_WARN_DIRECT_OBJC_ISA_USAGE = YES_ERROR;
				CLANG_WARN_DOCUMENTATION_COMMENTS = YES;
				CLANG_WARN_EMPTY_BODY = YES;
				CLANG_WARN_ENUM_CONVERSION = YES;
				CLANG_WARN_INFINITE_RECURSION = YES;
				CLANG_WARN_INT_CONVERSION = YES;
				CLANG_WARN_NON_LITERAL_NULL_CONVERSION = YES;
				CLANG_WARN_OBJC_IMPLICIT_RETAIN_SELF = YES;
				CLANG_WARN_OBJC_LITERAL_CONVERSION = YES;
				CLANG_WARN_OBJC_ROOT_CLASS = YES_ERROR;
				CLANG_WARN_QUOTED_INCLUDE_IN_FRAMEWORK_HEADER = YES;
				CLANG_WARN_RANGE_LOOP_ANALYSIS = YES;
				CLANG_WARN_STRICT_PROTOTYPES = YES;
				CLANG_WARN_SUSPICIOUS_MOVE = YES;
				CLANG_WARN_UNGUARDED_AVAILABILITY = YES_AGGRESSIVE;
				CLANG_WARN_UNREACHABLE_CODE = YES;
				CLANG_WARN__DUPLICATE_METHOD_MATCH = YES;
				COPY_PHASE_STRIP = NO;
				DEBUG_INFORMATION_FORMAT = dwarf;
				ENABLE_STRICT_OBJC_MSGSEND = YES;
				ENABLE_TESTABILITY = YES;
				GCC_C_LANGUAGE_STANDARD = gnu11;
				GCC_DYNAMIC_NO_PIC = NO;
				GCC_NO_COMMON_BLOCKS = YES;
				GCC_OPTIMIZATION_LEVEL = 0;
				GCC_PREPROCESSOR_DEFINITIONS = (
					"DEBUG=1",
					"$(inherited)",
				);
				GCC_WARN_64_TO_32_BIT_CONVERSION = YES;
				GCC_WARN_ABOUT_RETURN_TYPE = YES_ERROR;
				GCC_WARN_UNDECLARED_SELECTOR = YES;
				GCC_WARN_UNINITIALIZED_AUTOS = YES_AGGRESSIVE;
				GCC_WARN_UNUSED_FUNCTION = YES;
				GCC_WARN_UNUSED_VARIABLE = YES;
				IPHONEOS_DEPLOYMENT_TARGET = 14.4;
				MTL_ENABLE_DEBUG_INFO = INCLUDE_SOURCE;
				MTL_FAST_MATH = YES;
				ONLY_ACTIVE_ARCH = YES;
				SDKROOT = iphoneos;
				SWIFT_ACTIVE_COMPILATION_CONDITIONS = DEBUG;
				SWIFT_OPTIMIZATION_LEVEL = "-Onone";
			};
			name = Debug;
		};
		BD9C9FF8260102DE005A049B /* Release */ = {
			isa = XCBuildConfiguration;
			buildSettings = {
				ALWAYS_SEARCH_USER_PATHS = NO;
				CLANG_ANALYZER_NONNULL = YES;
				CLANG_ANALYZER_NUMBER_OBJECT_CONVERSION = YES_AGGRESSIVE;
				CLANG_CXX_LANGUAGE_STANDARD = "gnu++14";
				CLANG_CXX_LIBRARY = "libc++";
				CLANG_ENABLE_MODULES = YES;
				CLANG_ENABLE_OBJC_ARC = YES;
				CLANG_ENABLE_OBJC_WEAK = YES;
				CLANG_WARN_BLOCK_CAPTURE_AUTORELEASING = YES;
				CLANG_WARN_BOOL_CONVERSION = YES;
				CLANG_WARN_COMMA = YES;
				CLANG_WARN_CONSTANT_CONVERSION = YES;
				CLANG_WARN_DEPRECATED_OBJC_IMPLEMENTATIONS = YES;
				CLANG_WARN_DIRECT_OBJC_ISA_USAGE = YES_ERROR;
				CLANG_WARN_DOCUMENTATION_COMMENTS = YES;
				CLANG_WARN_EMPTY_BODY = YES;
				CLANG_WARN_ENUM_CONVERSION = YES;
				CLANG_WARN_INFINITE_RECURSION = YES;
				CLANG_WARN_INT_CONVERSION = YES;
				CLANG_WARN_NON_LITERAL_NULL_CONVERSION = YES;
				CLANG_WARN_OBJC_IMPLICIT_RETAIN_SELF = YES;
				CLANG_WARN_OBJC_LITERAL_CONVERSION = YES;
				CLANG_WARN_OBJC_ROOT_CLASS = YES_ERROR;
				CLANG_WARN_QUOTED_INCLUDE_IN_FRAMEWORK_HEADER = YES;
				CLANG_WARN_RANGE_LOOP_ANALYSIS = YES;
				CLANG_WARN_STRICT_PROTOTYPES = YES;
				CLANG_WARN_SUSPICIOUS_MOVE = YES;
				CLANG_WARN_UNGUARDED_AVAILABILITY = YES_AGGRESSIVE;
				CLANG_WARN_UNREACHABLE_CODE = YES;
				CLANG_WARN__DUPLICATE_METHOD_MATCH = YES;
				COPY_PHASE_STRIP = NO;
				DEBUG_INFORMATION_FORMAT = "dwarf-with-dsym";
				ENABLE_NS_ASSERTIONS = NO;
				ENABLE_STRICT_OBJC_MSGSEND = YES;
				GCC_C_LANGUAGE_STANDARD = gnu11;
				GCC_NO_COMMON_BLOCKS = YES;
				GCC_WARN_64_TO_32_BIT_CONVERSION = YES;
				GCC_WARN_ABOUT_RETURN_TYPE = YES_ERROR;
				GCC_WARN_UNDECLARED_SELECTOR = YES;
				GCC_WARN_UNINITIALIZED_AUTOS = YES_AGGRESSIVE;
				GCC_WARN_UNUSED_FUNCTION = YES;
				GCC_WARN_UNUSED_VARIABLE = YES;
				IPHONEOS_DEPLOYMENT_TARGET = 14.4;
				MTL_ENABLE_DEBUG_INFO = NO;
				MTL_FAST_MATH = YES;
				SDKROOT = iphoneos;
				SWIFT_COMPILATION_MODE = wholemodule;
				SWIFT_OPTIMIZATION_LEVEL = "-O";
				VALIDATE_PRODUCT = YES;
			};
			name = Release;
		};
		BD9C9FFA260102DE005A049B /* Debug */ = {
			isa = XCBuildConfiguration;
			buildSettings = {
				ASSETCATALOG_COMPILER_APPICON_NAME = AppIcon;
				ASSETCATALOG_COMPILER_GLOBAL_ACCENT_COLOR_NAME = AccentColor;
				CODE_SIGN_STYLE = Automatic;
				INFOPLIST_FILE = Test/Info.plist;
				LD_RUNPATH_SEARCH_PATHS = (
					"$(inherited)",
					"@executable_path/Frameworks",
				);
				PRODUCT_BUNDLE_IDENTIFIER = Projects.Test;
				PRODUCT_NAME = "$(TARGET_NAME)";
				SWIFT_VERSION = 5.0;
				TARGETED_DEVICE_FAMILY = "1,2";
			};
			name = Debug;
		};
		BD9C9FFB260102DE005A049B /* Release */ = {
			isa = XCBuildConfiguration;
			buildSettings = {
				ASSETCATALOG_COMPILER_APPICON_NAME = AppIcon;
				ASSETCATALOG_COMPILER_GLOBAL_ACCENT_COLOR_NAME = AccentColor;
				CODE_SIGN_STYLE = Automatic;
				INFOPLIST_FILE = Test/Info.plist;
				LD_RUNPATH_SEARCH_PATHS = (
					"$(inherited)",
					"@executable_path/Frameworks",
				);
				PRODUCT_BUNDLE_IDENTIFIER = Projects.Test;
				PRODUCT_NAME = "$(TARGET_NAME)";
				SWIFT_VERSION = 5.0;
				TARGETED_DEVICE_FAMILY = "1,2";
			};
			name = Release;
		};
		BD9C9FFD260102DE005A049B /* Debug */ = {
			isa = XCBuildConfiguration;
			buildSettings = {
				ALWAYS_EMBED_SWIFT_STANDARD_LIBRARIES = YES;
				BUNDLE_LOADER = "$(TEST_HOST)";
				CODE_SIGN_STYLE = Automatic;
				INFOPLIST_FILE = TestTests/Info.plist;
				IPHONEOS_DEPLOYMENT_TARGET = 14.4;
				LD_RUNPATH_SEARCH_PATHS = (
					"$(inherited)",
					"@executable_path/Frameworks",
					"@loader_path/Frameworks",
				);
				PRODUCT_BUNDLE_IDENTIFIER = Projects.TestTests;
				PRODUCT_NAME = "$(TARGET_NAME)";
				SWIFT_VERSION = 5.0;
				TARGETED_DEVICE_FAMILY = "1,2";
				TEST_HOST = "$(BUILT_PRODUCTS_DIR)/Test.app/Test";
			};
			name = Debug;
		};
		BD9C9FFE260102DE005A049B /* Release */ = {
			isa = XCBuildConfiguration;
			buildSettings = {
				ALWAYS_EMBED_SWIFT_STANDARD_LIBRARIES = YES;
				BUNDLE_LOADER = "$(TEST_HOST)";
				CODE_SIGN_STYLE = Automatic;
				INFOPLIST_FILE = TestTests/Info.plist;
				IPHONEOS_DEPLOYMENT_TARGET = 14.4;
				LD_RUNPATH_SEARCH_PATHS = (
					"$(inherited)",
					"@executable_path/Frameworks",
					"@loader_path/Frameworks",
				);
				PRODUCT_BUNDLE_IDENTIFIER = Projects.TestTests;
				PRODUCT_NAME = "$(TARGET_NAME)";
				SWIFT_VERSION = 5.0;
				TARGETED_DEVICE_FAMILY = "1,2";
				TEST_HOST = "$(BUILT_PRODUCTS_DIR)/Test.app/Test";
			};
			name = Release;
		};
		BD9CA000260102DE005A049B /* Debug */ = {
			isa = XCBuildConfiguration;
			buildSettings = {
				ALWAYS_EMBED_SWIFT_STANDARD_LIBRARIES = YES;
				CODE_SIGN_STYLE = Automatic;
				INFOPLIST_FILE = TestUITests/Info.plist;
				LD_RUNPATH_SEARCH_PATHS = (
					"$(inherited)",
					"@executable_path/Frameworks",
					"@loader_path/Frameworks",
				);
				PRODUCT_BUNDLE_IDENTIFIER = Projects.TestUITests;
				PRODUCT_NAME = "$(TARGET_NAME)";
				SWIFT_VERSION = 5.0;
				TARGETED_DEVICE_FAMILY = "1,2";
				TEST_TARGET_NAME = Test;
			};
			name = Debug;
		};
		BD9CA001260102DE005A049B /* Release */ = {
			isa = XCBuildConfiguration;
			buildSettings = {
				ALWAYS_EMBED_SWIFT_STANDARD_LIBRARIES = YES;
				CODE_SIGN_STYLE = Automatic;
				INFOPLIST_FILE = TestUITests/Info.plist;
				LD_RUNPATH_SEARCH_PATHS = (
					"$(inherited)",
					"@executable_path/Frameworks",
					"@loader_path/Frameworks",
				);
				PRODUCT_BUNDLE_IDENTIFIER = Projects.TestUITests;
				PRODUCT_NAME = "$(TARGET_NAME)";
				SWIFT_VERSION = 5.0;
				TARGETED_DEVICE_FAMILY = "1,2";
				TEST_TARGET_NAME = Test;
			};
			name = Release;
		};
/* End XCBuildConfiguration section */

/* Begin XCConfigurationList section */
		BD9C9FCA260102DD005A049B /* Build configuration list for PBXProject "Test" */ = {
			isa = XCConfigurationList;
			buildConfigurations = (
				BD9C9FF7260102DE005A049B /* Debug */,
				BD9C9FF8260102DE005A049B /* Release */,
			);
			defaultConfigurationIsVisible = 0;
			defaultConfigurationName = Release;
		};
		BD9C9FF9260102DE005A049B /* Build configuration list for PBXNativeTarget "Test" */ = {
			isa = XCConfigurationList;
			buildConfigurations = (
				BD9C9FFA260102DE005A049B /* Debug */,
				BD9C9FFB260102DE005A049B /* Release */,
			);
			defaultConfigurationIsVisible = 0;
			defaultConfigurationName = Release;
		};
		BD9C9FFC260102DE005A049B /* Build configuration list for PBXNativeTarget "TestTests" */ = {
			isa = XCConfigurationList;
			buildConfigurations = (
				BD9C9FFD260102DE005A049B /* Debug */,
				BD9C9FFE260102DE005A049B /* Release */,
			);
			defaultConfigurationIsVisible = 0;
			defaultConfigurationName = Release;
		};
		BD9C9FFF260102DE005A049B /* Build configuration list for PBXNativeTarget "TestUITests" */ = {
			isa = XCConfigurationList;
			buildConfigurations = (
				BD9CA000260102DE005A049B /* Debug */,
				BD9CA001260102DE005A049B /* Release */,
			);
			defaultConfigurationIsVisible = 0;
			defaultConfigurationName = Release;
		};
/* End XCConfigurationList section */
	};
	rootObject = BD9C9FC7260102DD005A049B /* Project object */;
}
